
Microsoft Visual Studio Solution File, Format Version 12.00
# Visual Studio 15
Project("{FAE04EC0-301F-11D3-BF4B-00C04F79EFBC}") = "Unity.Timeline", "Unity.Timeline.csproj", "{92C16E89-9645-1E9B-3873-7FE2B484D4D3}"
EndProject
Project("{FAE04EC0-301F-11D3-BF4B-00C04F79EFBC}") = "Unity.PlasticSCM.Editor", "Unity.PlasticSCM.Editor.csproj", "{B1E460F7-B713-2502-4D70-CC833E8AE3C1}"
EndProject
Project("{FAE04EC0-301F-11D3-BF4B-00C04F79EFBC}") = "Unity.Timeline.Editor", "Unity.Timeline.Editor.csproj", "{81A09C67-9C4C-F0EA-C0A9-9E6A67304542}"
EndProject
Project("{FAE04EC0-301F-11D3-BF4B-00C04F79EFBC}") = "Unity.Mathematics", "Unity.Mathematics.csproj", "{DAF67D18-4EC5-D287-3ABF-AFCEE1F15F23}"
EndProject
Project("{FAE04EC0-301F-11D3-BF4B-00C04F79EFBC}") = "Unity.2D.Common.Path.Editor", "Unity.2D.Common.Path.Editor.csproj", "{BD37EF8D-B5D8-4B98-50A7-D9588E5DC461}"
EndProject
Project("{FAE04EC0-301F-11D3-BF4B-00C04F79EFBC}") = "Unity.2D.Psdimporter.Editor", "Unity.2D.Psdimporter.Editor.csproj", "{F74D9320-1FBE-F8CB-3AD5-4AAFC7D2500D}"
EndProject
Project("{FAE04EC0-301F-11D3-BF4B-00C04F79EFBC}") = "Unity.Collections", "Unity.Collections.csproj", "{D115F275-0BE6-C452-F092-8E8DE14D925C}"
EndProject
Project("{FAE04EC0-301F-11D3-BF4B-00C04F79EFBC}") = "Unity.2D.IK.Runtime", "Unity.2D.IK.Runtime.csproj", "{D023A5D6-7B31-83B3-8057-78AE3C592239}"
EndProject
Project("{FAE04EC0-301F-11D3-BF4B-00C04F79EFBC}") = "Unity.PerformanceTesting.Editor", "Unity.PerformanceTesting.Editor.csproj", "{908C6C7D-8F2A-24FB-19AB-136DF9DF7A37}"
EndProject
Project("{FAE04EC0-301F-11D3-BF4B-00C04F79EFBC}") = "Unity.Burst", "Unity.Burst.csproj", "{6969B247-8160-7665-6D6B-F0AFA42A5B46}"
EndProject
Project("{FAE04EC0-301F-11D3-BF4B-00C04F79EFBC}") = "PsdPlugin", "PsdPlugin.csproj", "{57FFF853-7DE4-9A60-0ACF-55EB4A2CE2C3}"
EndProject
Project("{FAE04EC0-301F-11D3-BF4B-00C04F79EFBC}") = "Unity.2D.Animation.Editor", "Unity.2D.Animation.Editor.csproj", "{9B5FF576-B39D-73FB-38AB-8D7CB2D8C47A}"
EndProject
Project("{FAE04EC0-301F-11D3-BF4B-00C04F79EFBC}") = "Unity.AI.Navigation.Editor", "Unity.AI.Navigation.Editor.csproj", "{71849ED5-B152-5D5C-F7A7-E93BE93B8EEF}"
EndProject
Project("{FAE04EC0-301F-11D3-BF4B-00C04F79EFBC}") = "Unity.2D.SpriteShape.Editor", "Unity.2D.SpriteShape.Editor.csproj", "{40984423-2CE0-ED68-E69C-A1A3B8BFDE32}"
EndProject
Project("{FAE04EC0-301F-11D3-BF4B-00C04F79EFBC}") = "Unity.VisualStudio.Editor", "Unity.VisualStudio.Editor.csproj", "{F3E81E26-F06C-CD43-7E27-D62FC6C4A831}"
EndProject
Project("{FAE04EC0-301F-11D3-BF4B-00C04F79EFBC}") = "Unity.Rider.Editor", "Unity.Rider.Editor.csproj", "{9D6CF287-0F76-33B2-E347-268357B22D78}"
EndProject
Project("{FAE04EC0-301F-11D3-BF4B-00C04F79EFBC}") = "Unity.InternalAPIEditorBridge.001", "Unity.InternalAPIEditorBridge.001.csproj", "{78E0A0E0-5135-EE6B-1705-74320A4FD15E}"
EndProject
Project("{FAE04EC0-301F-11D3-BF4B-00C04F79EFBC}") = "Unity.2D.SpriteShape.Runtime", "Unity.2D.SpriteShape.Runtime.csproj", "{7BB2E07E-59F9-73CF-5EAF-07B47C6B78D7}"
EndProject
Project("{FAE04EC0-301F-11D3-BF4B-00C04F79EFBC}") = "Unity.CollabProxy.Editor", "Unity.CollabProxy.Editor.csproj", "{1A03FF1A-22E7-86B6-C6A6-C284F354ED77}"
EndProject
Project("{FAE04EC0-301F-11D3-BF4B-00C04F79EFBC}") = "Unity.AI.Navigation.Editor.ConversionSystem", "Unity.AI.Navigation.Editor.ConversionSystem.csproj", "{0D533E18-D24D-8C6F-A3D7-6861052742ED}"
EndProject
Project("{FAE04EC0-301F-11D3-BF4B-00C04F79EFBC}") = "ScriptablePacker", "ScriptablePacker.csproj", "{A44D1CCA-E9FD-9CDD-734E-E9CD0110FF2A}"
EndProject
Project("{FAE04EC0-301F-11D3-BF4B-00C04F79EFBC}") = "Unity.Burst.CodeGen", "Unity.Burst.CodeGen.csproj", "{15A8895C-B0AB-DD01-9B9B-8B654C21DAD9}"
EndProject
Project("{FAE04EC0-301F-11D3-BF4B-00C04F79EFBC}") = "Unity.PerformanceTesting", "Unity.PerformanceTesting.csproj", "{D63815D4-9BCB-A255-34B7-3F746A133652}"
EndProject
Project("{FAE04EC0-301F-11D3-BF4B-00C04F79EFBC}") = "Unity.AI.Navigation", "Unity.AI.Navigation.csproj", "{8F5CBAE7-CA48-CF11-0AEA-E99075CE907C}"
EndProject
Project("{FAE04EC0-301F-11D3-BF4B-00C04F79EFBC}") = "Unity.2D.Animation.Runtime", "Unity.2D.Animation.Runtime.csproj", "{B3B71010-6A9F-E676-74EB-E313DA3F962E}"
EndProject
Project("{FAE04EC0-301F-11D3-BF4B-00C04F79EFBC}") = "Unity.VSCode.Editor", "Unity.VSCode.Editor.csproj", "{3EE3D239-CD5E-884A-0F49-BC80EECEF19A}"
EndProject
Project("{FAE04EC0-301F-11D3-BF4B-00C04F79EFBC}") = "Unity.2D.IK.Editor", "Unity.2D.IK.Editor.csproj", "{0F3CC391-BA3C-8F43-8363-B1EE7179428D}"
EndProject
Project("{FAE04EC0-301F-11D3-BF4B-00C04F79EFBC}") = "Unity.InternalAPIEngineBridge.001", "Unity.InternalAPIEngineBridge.001.csproj", "{F0F36CD0-4944-4E45-D1C6-194CD89F2553}"
EndProject
Project("{FAE04EC0-301F-11D3-BF4B-00C04F79EFBC}") = "Unity.Burst.Editor", "Unity.Burst.Editor.csproj", "{C076B612-CC24-85DA-1949-88DFB92AD122}"
EndProject
Project("{FAE04EC0-301F-11D3-BF4B-00C04F79EFBC}") = "Unity.2D.Common.Editor", "Unity.2D.Common.Editor.csproj", "{4EA7618F-5B40-FCD4-1F38-61EF225A1CB5}"
EndProject
Project("{FAE04EC0-301F-11D3-BF4B-00C04F79EFBC}") = "Unity.AI.Navigation.Updater", "Unity.AI.Navigation.Updater.csproj", "{5B6935DD-A84C-3788-8D0C-06B66D3EDAD9}"
EndProject
Project("{FAE04EC0-301F-11D3-BF4B-00C04F79EFBC}") = "Unity.2D.PixelPerfect", "Unity.2D.PixelPerfect.csproj", "{B4015533-7A8A-5079-D8D7-F6B5D014401F}"
EndProject
Project("{FAE04EC0-301F-11D3-BF4B-00C04F79EFBC}") = "Unity.2D.PixelPerfect.Editor", "Unity.2D.PixelPerfect.Editor.csproj", "{F72F7654-AF46-5408-1C8F-393431FE50E1}"
EndProject
Project("{FAE04EC0-301F-11D3-BF4B-00C04F79EFBC}") = "Unity.2D.Common.Runtime", "Unity.2D.Common.Runtime.csproj", "{B655A45A-30FB-12DC-F877-AEA4B017B2F8}"
EndProject
Project("{FAE04EC0-301F-11D3-BF4B-00C04F79EFBC}") = "Unity.Collections.CodeGen", "Unity.Collections.CodeGen.csproj", "{5C2899A6-B968-C527-40DC-498BBE0F3E5D}"
EndProject
Project("{FAE04EC0-301F-11D3-BF4B-00C04F79EFBC}") = "Unity.Mathematics.Editor", "Unity.Mathematics.Editor.csproj", "{4251EC72-2CDA-4747-F54A-3CED6CF4FF9F}"
EndProject
Project("{FAE04EC0-301F-11D3-BF4B-00C04F79EFBC}") = "Assembly-CSharp", "Assembly-CSharp.csproj", "{4104FF8E-92F1-726D-5D52-48B5E8E4F83A}"
EndProject
Project("{FAE04EC0-301F-11D3-BF4B-00C04F79EFBC}") = "Unity.Collections.Editor", "Unity.Collections.Editor.csproj", "{06BA6B60-9006-CFB2-BD31-0A64CB78AF3D}"
EndProject
Global
	GlobalSection(SolutionConfigurationPlatforms) = preSolution
		Debug|Any CPU = Debug|Any CPU
		Release|Any CPU = Release|Any CPU
	EndGlobalSection
	GlobalSection(ProjectConfigurationPlatforms) = postSolution
		{92C16E89-9645-1E9B-3873-7FE2B484D4D3}.Debug|Any CPU.ActiveCfg = Debug|Any CPU
		{92C16E89-9645-1E9B-3873-7FE2B484D4D3}.Debug|Any CPU.Build.0 = Debug|Any CPU
		{92C16E89-9645-1E9B-3873-7FE2B484D4D3}.Release|Any CPU.ActiveCfg = Release|Any CPU
		{92C16E89-9645-1E9B-3873-7FE2B484D4D3}.Release|Any CPU.Build.0 = Release|Any CPU
		{B1E460F7-B713-2502-4D70-CC833E8AE3C1}.Debug|Any CPU.ActiveCfg = Debug|Any CPU
		{B1E460F7-B713-2502-4D70-CC833E8AE3C1}.Debug|Any CPU.Build.0 = Debug|Any CPU
		{B1E460F7-B713-2502-4D70-CC833E8AE3C1}.Release|Any CPU.ActiveCfg = Release|Any CPU
		{B1E460F7-B713-2502-4D70-CC833E8AE3C1}.Release|Any CPU.Build.0 = Release|Any CPU
		{81A09C67-9C4C-F0EA-C0A9-9E6A67304542}.Debug|Any CPU.ActiveCfg = Debug|Any CPU
		{81A09C67-9C4C-F0EA-C0A9-9E6A67304542}.Debug|Any CPU.Build.0 = Debug|Any CPU
		{81A09C67-9C4C-F0EA-C0A9-9E6A67304542}.Release|Any CPU.ActiveCfg = Release|Any CPU
		{81A09C67-9C4C-F0EA-C0A9-9E6A67304542}.Release|Any CPU.Build.0 = Release|Any CPU
		{DAF67D18-4EC5-D287-3ABF-AFCEE1F15F23}.Debug|Any CPU.ActiveCfg = Debug|Any CPU
		{DAF67D18-4EC5-D287-3ABF-AFCEE1F15F23}.Debug|Any CPU.Build.0 = Debug|Any CPU
		{DAF67D18-4EC5-D287-3ABF-AFCEE1F15F23}.Release|Any CPU.ActiveCfg = Release|Any CPU
		{DAF67D18-4EC5-D287-3ABF-AFCEE1F15F23}.Release|Any CPU.Build.0 = Release|Any CPU
		{BD37EF8D-B5D8-4B98-50A7-D9588E5DC461}.Debug|Any CPU.ActiveCfg = Debug|Any CPU
		{BD37EF8D-B5D8-4B98-50A7-D9588E5DC461}.Debug|Any CPU.Build.0 = Debug|Any CPU
		{BD37EF8D-B5D8-4B98-50A7-D9588E5DC461}.Release|Any CPU.ActiveCfg = Release|Any CPU
		{BD37EF8D-B5D8-4B98-50A7-D9588E5DC461}.Release|Any CPU.Build.0 = Release|Any CPU
		{F74D9320-1FBE-F8CB-3AD5-4AAFC7D2500D}.Debug|Any CPU.ActiveCfg = Debug|Any CPU
		{F74D9320-1FBE-F8CB-3AD5-4AAFC7D2500D}.Debug|Any CPU.Build.0 = Debug|Any CPU
		{F74D9320-1FBE-F8CB-3AD5-4AAFC7D2500D}.Release|Any CPU.ActiveCfg = Release|Any CPU
		{F74D9320-1FBE-F8CB-3AD5-4AAFC7D2500D}.Release|Any CPU.Build.0 = Release|Any CPU
		{D115F275-0BE6-C452-F092-8E8DE14D925C}.Debug|Any CPU.ActiveCfg = Debug|Any CPU
		{D115F275-0BE6-C452-F092-8E8DE14D925C}.Debug|Any CPU.Build.0 = Debug|Any CPU
		{D115F275-0BE6-C452-F092-8E8DE14D925C}.Release|Any CPU.ActiveCfg = Release|Any CPU
		{D115F275-0BE6-C452-F092-8E8DE14D925C}.Release|Any CPU.Build.0 = Release|Any CPU
		{D023A5D6-7B31-83B3-8057-78AE3C592239}.Debug|Any CPU.ActiveCfg = Debug|Any CPU
		{D023A5D6-7B31-83B3-8057-78AE3C592239}.Debug|Any CPU.Build.0 = Debug|Any CPU
		{D023A5D6-7B31-83B3-8057-78AE3C592239}.Release|Any CPU.ActiveCfg = Release|Any CPU
		{D023A5D6-7B31-83B3-8057-78AE3C592239}.Release|Any CPU.Build.0 = Release|Any CPU
		{908C6C7D-8F2A-24FB-19AB-136DF9DF7A37}.Debug|Any CPU.ActiveCfg = Debug|Any CPU
		{908C6C7D-8F2A-24FB-19AB-136DF9DF7A37}.Debug|Any CPU.Build.0 = Debug|Any CPU
		{908C6C7D-8F2A-24FB-19AB-136DF9DF7A37}.Release|Any CPU.ActiveCfg = Release|Any CPU
		{908C6C7D-8F2A-24FB-19AB-136DF9DF7A37}.Release|Any CPU.Build.0 = Release|Any CPU
		{6969B247-8160-7665-6D6B-F0AFA42A5B46}.Debug|Any CPU.ActiveCfg = Debug|Any CPU
		{6969B247-8160-7665-6D6B-F0AFA42A5B46}.Debug|Any CPU.Build.0 = Debug|Any CPU
		{6969B247-8160-7665-6D6B-F0AFA42A5B46}.Release|Any CPU.ActiveCfg = Release|Any CPU
		{6969B247-8160-7665-6D6B-F0AFA42A5B46}.Release|Any CPU.Build.0 = Release|Any CPU
		{57FFF853-7DE4-9A60-0ACF-55EB4A2CE2C3}.Debug|Any CPU.ActiveCfg = Debug|Any CPU
		{57FFF853-7DE4-9A60-0ACF-55EB4A2CE2C3}.Debug|Any CPU.Build.0 = Debug|Any CPU
		{57FFF853-7DE4-9A60-0ACF-55EB4A2CE2C3}.Release|Any CPU.ActiveCfg = Release|Any CPU
		{57FFF853-7DE4-9A60-0ACF-55EB4A2CE2C3}.Release|Any CPU.Build.0 = Release|Any CPU
		{9B5FF576-B39D-73FB-38AB-8D7CB2D8C47A}.Debug|Any CPU.ActiveCfg = Debug|Any CPU
		{9B5FF576-B39D-73FB-38AB-8D7CB2D8C47A}.Debug|Any CPU.Build.0 = Debug|Any CPU
		{9B5FF576-B39D-73FB-38AB-8D7CB2D8C47A}.Release|Any CPU.ActiveCfg = Release|Any CPU
		{9B5FF576-B39D-73FB-38AB-8D7CB2D8C47A}.Release|Any CPU.Build.0 = Release|Any CPU
		{71849ED5-B152-5D5C-F7A7-E93BE93B8EEF}.Debug|Any CPU.ActiveCfg = Debug|Any CPU
		{71849ED5-B152-5D5C-F7A7-E93BE93B8EEF}.Debug|Any CPU.Build.0 = Debug|Any CPU
		{71849ED5-B152-5D5C-F7A7-E93BE93B8EEF}.Release|Any CPU.ActiveCfg = Release|Any CPU
		{71849ED5-B152-5D5C-F7A7-E93BE93B8EEF}.Release|Any CPU.Build.0 = Release|Any CPU
		{40984423-2CE0-ED68-E69C-A1A3B8BFDE32}.Debug|Any CPU.ActiveCfg = Debug|Any CPU
		{40984423-2CE0-ED68-E69C-A1A3B8BFDE32}.Debug|Any CPU.Build.0 = Debug|Any CPU
		{40984423-2CE0-ED68-E69C-A1A3B8BFDE32}.Release|Any CPU.ActiveCfg = Release|Any CPU
		{40984423-2CE0-ED68-E69C-A1A3B8BFDE32}.Release|Any CPU.Build.0 = Release|Any CPU
		{F3E81E26-F06C-CD43-7E27-D62FC6C4A831}.Debug|Any CPU.ActiveCfg = Debug|Any CPU
		{F3E81E26-F06C-CD43-7E27-D62FC6C4A831}.Debug|Any CPU.Build.0 = Debug|Any CPU
		{F3E81E26-F06C-CD43-7E27-D62FC6C4A831}.Release|Any CPU.ActiveCfg = Release|Any CPU
		{F3E81E26-F06C-CD43-7E27-D62FC6C4A831}.Release|Any CPU.Build.0 = Release|Any CPU
		{9D6CF287-0F76-33B2-E347-268357B22D78}.Debug|Any CPU.ActiveCfg = Debug|Any CPU
		{9D6CF287-0F76-33B2-E347-268357B22D78}.Debug|Any CPU.Build.0 = Debug|Any CPU
		{9D6CF287-0F76-33B2-E347-268357B22D78}.Release|Any CPU.ActiveCfg = Release|Any CPU
		{9D6CF287-0F76-33B2-E347-268357B22D78}.Release|Any CPU.Build.0 = Release|Any CPU
		{78E0A0E0-5135-EE6B-1705-74320A4FD15E}.Debug|Any CPU.ActiveCfg = Debug|Any CPU
		{78E0A0E0-5135-EE6B-1705-74320A4FD15E}.Debug|Any CPU.Build.0 = Debug|Any CPU
		{78E0A0E0-5135-EE6B-1705-74320A4FD15E}.Release|Any CPU.ActiveCfg = Release|Any CPU
		{78E0A0E0-5135-EE6B-1705-74320A4FD15E}.Release|Any CPU.Build.0 = Release|Any CPU
		{7BB2E07E-59F9-73CF-5EAF-07B47C6B78D7}.Debug|Any CPU.ActiveCfg = Debug|Any CPU
		{7BB2E07E-59F9-73CF-5EAF-07B47C6B78D7}.Debug|Any CPU.Build.0 = Debug|Any CPU
		{7BB2E07E-59F9-73CF-5EAF-07B47C6B78D7}.Release|Any CPU.ActiveCfg = Release|Any CPU
		{7BB2E07E-59F9-73CF-5EAF-07B47C6B78D7}.Release|Any CPU.Build.0 = Release|Any CPU
		{1A03FF1A-22E7-86B6-C6A6-C284F354ED77}.Debug|Any CPU.ActiveCfg = Debug|Any CPU
		{1A03FF1A-22E7-86B6-C6A6-C284F354ED77}.Debug|Any CPU.Build.0 = Debug|Any CPU
		{1A03FF1A-22E7-86B6-C6A6-C284F354ED77}.Release|Any CPU.ActiveCfg = Release|Any CPU
		{1A03FF1A-22E7-86B6-C6A6-C284F354ED77}.Release|Any CPU.Build.0 = Release|Any CPU
		{0D533E18-D24D-8C6F-A3D7-6861052742ED}.Debug|Any CPU.ActiveCfg = Debug|Any CPU
		{0D533E18-D24D-8C6F-A3D7-6861052742ED}.Debug|Any CPU.Build.0 = Debug|Any CPU
		{0D533E18-D24D-8C6F-A3D7-6861052742ED}.Release|Any CPU.ActiveCfg = Release|Any CPU
		{0D533E18-D24D-8C6F-A3D7-6861052742ED}.Release|Any CPU.Build.0 = Release|Any CPU
		{A44D1CCA-E9FD-9CDD-734E-E9CD0110FF2A}.Debug|Any CPU.ActiveCfg = Debug|Any CPU
		{A44D1CCA-E9FD-9CDD-734E-E9CD0110FF2A}.Debug|Any CPU.Build.0 = Debug|Any CPU
		{A44D1CCA-E9FD-9CDD-734E-E9CD0110FF2A}.Release|Any CPU.ActiveCfg = Release|Any CPU
		{A44D1CCA-E9FD-9CDD-734E-E9CD0110FF2A}.Release|Any CPU.Build.0 = Release|Any CPU
		{15A8895C-B0AB-DD01-9B9B-8B654C21DAD9}.Debug|Any CPU.ActiveCfg = Debug|Any CPU
		{15A8895C-B0AB-DD01-9B9B-8B654C21DAD9}.Debug|Any CPU.Build.0 = Debug|Any CPU
		{15A8895C-B0AB-DD01-9B9B-8B654C21DAD9}.Release|Any CPU.ActiveCfg = Release|Any CPU
		{15A8895C-B0AB-DD01-9B9B-8B654C21DAD9}.Release|Any CPU.Build.0 = Release|Any CPU
		{D63815D4-9BCB-A255-34B7-3F746A133652}.Debug|Any CPU.ActiveCfg = Debug|Any CPU
		{D63815D4-9BCB-A255-34B7-3F746A133652}.Debug|Any CPU.Build.0 = Debug|Any CPU
		{D63815D4-9BCB-A255-34B7-3F746A133652}.Release|Any CPU.ActiveCfg = Release|Any CPU
		{D63815D4-9BCB-A255-34B7-3F746A133652}.Release|Any CPU.Build.0 = Release|Any CPU
		{8F5CBAE7-CA48-CF11-0AEA-E99075CE907C}.Debug|Any CPU.ActiveCfg = Debug|Any CPU
		{8F5CBAE7-CA48-CF11-0AEA-E99075CE907C}.Debug|Any CPU.Build.0 = Debug|Any CPU
		{8F5CBAE7-CA48-CF11-0AEA-E99075CE907C}.Release|Any CPU.ActiveCfg = Release|Any CPU
		{8F5CBAE7-CA48-CF11-0AEA-E99075CE907C}.Release|Any CPU.Build.0 = Release|Any CPU
		{B3B71010-6A9F-E676-74EB-E313DA3F962E}.Debug|Any CPU.ActiveCfg = Debug|Any CPU
		{B3B71010-6A9F-E676-74EB-E313DA3F962E}.Debug|Any CPU.Build.0 = Debug|Any CPU
		{B3B71010-6A9F-E676-74EB-E313DA3F962E}.Release|Any CPU.ActiveCfg = Release|Any CPU
		{B3B71010-6A9F-E676-74EB-E313DA3F962E}.Release|Any CPU.Build.0 = Release|Any CPU
		{3EE3D239-CD5E-884A-0F49-BC80EECEF19A}.Debug|Any CPU.ActiveCfg = Debug|Any CPU
		{3EE3D239-CD5E-884A-0F49-BC80EECEF19A}.Debug|Any CPU.Build.0 = Debug|Any CPU
		{3EE3D239-CD5E-884A-0F49-BC80EECEF19A}.Release|Any CPU.ActiveCfg = Release|Any CPU
		{3EE3D239-CD5E-884A-0F49-BC80EECEF19A}.Release|Any CPU.Build.0 = Release|Any CPU
		{0F3CC391-BA3C-8F43-8363-B1EE7179428D}.Debug|Any CPU.ActiveCfg = Debug|Any CPU
		{0F3CC391-BA3C-8F43-8363-B1EE7179428D}.Debug|Any CPU.Build.0 = Debug|Any CPU
		{0F3CC391-BA3C-8F43-8363-B1EE7179428D}.Release|Any CPU.ActiveCfg = Release|Any CPU
		{0F3CC391-BA3C-8F43-8363-B1EE7179428D}.Release|Any CPU.Build.0 = Release|Any CPU
		{F0F36CD0-4944-4E45-D1C6-194CD89F2553}.Debug|Any CPU.ActiveCfg = Debug|Any CPU
		{F0F36CD0-4944-4E45-D1C6-194CD89F2553}.Debug|Any CPU.Build.0 = Debug|Any CPU
		{F0F36CD0-4944-4E45-D1C6-194CD89F2553}.Release|Any CPU.ActiveCfg = Release|Any CPU
		{F0F36CD0-4944-4E45-D1C6-194CD89F2553}.Release|Any CPU.Build.0 = Release|Any CPU
		{C076B612-CC24-85DA-1949-88DFB92AD122}.Debug|Any CPU.ActiveCfg = Debug|Any CPU
		{C076B612-CC24-85DA-1949-88DFB92AD122}.Debug|Any CPU.Build.0 = Debug|Any CPU
		{C076B612-CC24-85DA-1949-88DFB92AD122}.Release|Any CPU.ActiveCfg = Release|Any CPU
		{C076B612-CC24-85DA-1949-88DFB92AD122}.Release|Any CPU.Build.0 = Release|Any CPU
		{4EA7618F-5B40-FCD4-1F38-61EF225A1CB5}.Debug|Any CPU.ActiveCfg = Debug|Any CPU
		{4EA7618F-5B40-FCD4-1F38-61EF225A1CB5}.Debug|Any CPU.Build.0 = Debug|Any CPU
		{4EA7618F-5B40-FCD4-1F38-61EF225A1CB5}.Release|Any CPU.ActiveCfg = Release|Any CPU
		{4EA7618F-5B40-FCD4-1F38-61EF225A1CB5}.Release|Any CPU.Build.0 = Release|Any CPU
		{5B6935DD-A84C-3788-8D0C-06B66D3EDAD9}.Debug|Any CPU.ActiveCfg = Debug|Any CPU
		{5B6935DD-A84C-3788-8D0C-06B66D3EDAD9}.Debug|Any CPU.Build.0 = Debug|Any CPU
		{5B6935DD-A84C-3788-8D0C-06B66D3EDAD9}.Release|Any CPU.ActiveCfg = Release|Any CPU
		{5B6935DD-A84C-3788-8D0C-06B66D3EDAD9}.Release|Any CPU.Build.0 = Release|Any CPU
		{B4015533-7A8A-5079-D8D7-F6B5D014401F}.Debug|Any CPU.ActiveCfg = Debug|Any CPU
		{B4015533-7A8A-5079-D8D7-F6B5D014401F}.Debug|Any CPU.Build.0 = Debug|Any CPU
		{B4015533-7A8A-5079-D8D7-F6B5D014401F}.Release|Any CPU.ActiveCfg = Release|Any CPU
		{B4015533-7A8A-5079-D8D7-F6B5D014401F}.Release|Any CPU.Build.0 = Release|Any CPU
		{F72F7654-AF46-5408-1C8F-393431FE50E1}.Debug|Any CPU.ActiveCfg = Debug|Any CPU
		{F72F7654-AF46-5408-1C8F-393431FE50E1}.Debug|Any CPU.Build.0 = Debug|Any CPU
		{F72F7654-AF46-5408-1C8F-393431FE50E1}.Release|Any CPU.ActiveCfg = Release|Any CPU
		{F72F7654-AF46-5408-1C8F-393431FE50E1}.Release|Any CPU.Build.0 = Release|Any CPU
		{B655A45A-30FB-12DC-F877-AEA4B017B2F8}.Debug|Any CPU.ActiveCfg = Debug|Any CPU
		{B655A45A-30FB-12DC-F877-AEA4B017B2F8}.Debug|Any CPU.Build.0 = Debug|Any CPU
		{B655A45A-30FB-12DC-F877-AEA4B017B2F8}.Release|Any CPU.ActiveCfg = Release|Any CPU
		{B655A45A-30FB-12DC-F877-AEA4B017B2F8}.Release|Any CPU.Build.0 = Release|Any CPU
		{5C2899A6-B968-C527-40DC-498BBE0F3E5D}.Debug|Any CPU.ActiveCfg = Debug|Any CPU
		{5C2899A6-B968-C527-40DC-498BBE0F3E5D}.Debug|Any CPU.Build.0 = Debug|Any CPU
		{5C2899A6-B968-C527-40DC-498BBE0F3E5D}.Release|Any CPU.ActiveCfg = Release|Any CPU
		{5C2899A6-B968-C527-40DC-498BBE0F3E5D}.Release|Any CPU.Build.0 = Release|Any CPU
		{4251EC72-2CDA-4747-F54A-3CED6CF4FF9F}.Debug|Any CPU.ActiveCfg = Debug|Any CPU
		{4251EC72-2CDA-4747-F54A-3CED6CF4FF9F}.Debug|Any CPU.Build.0 = Debug|Any CPU
		{4251EC72-2CDA-4747-F54A-3CED6CF4FF9F}.Release|Any CPU.ActiveCfg = Release|Any CPU
		{4251EC72-2CDA-4747-F54A-3CED6CF4FF9F}.Release|Any CPU.Build.0 = Release|Any CPU
		{4104FF8E-92F1-726D-5D52-48B5E8E4F83A}.Debug|Any CPU.ActiveCfg = Debug|Any CPU
		{4104FF8E-92F1-726D-5D52-48B5E8E4F83A}.Debug|Any CPU.Build.0 = Debug|Any CPU
		{4104FF8E-92F1-726D-5D52-48B5E8E4F83A}.Release|Any CPU.ActiveCfg = Release|Any CPU
		{4104FF8E-92F1-726D-5D52-48B5E8E4F83A}.Release|Any CPU.Build.0 = Release|Any CPU
		{06BA6B60-9006-CFB2-BD31-0A64CB78AF3D}.Debug|Any CPU.ActiveCfg = Debug|Any CPU
		{06BA6B60-9006-CFB2-BD31-0A64CB78AF3D}.Debug|Any CPU.Build.0 = Debug|Any CPU
		{06BA6B60-9006-CFB2-BD31-0A64CB78AF3D}.Release|Any CPU.ActiveCfg = Release|Any CPU
		{06BA6B60-9006-CFB2-BD31-0A64CB78AF3D}.Release|Any CPU.Build.0 = Release|Any CPU
	EndGlobalSection
	GlobalSection(SolutionProperties) = preSolution
		HideSolutionNode = FALSE
	EndGlobalSection
EndGlobal
